// !$*UTF8*$!
{
	archiveVersion = 1;
	classes = {
	};
	objectVersion = 50;
	objects = {

/* Begin PBXBuildFile section */
		A6BF820922815B8A00A66858 /* AppDelegate.m in Sources */ = {isa = PBXBuildFile; fileRef = A6BF820822815B8A00A66858 /* AppDelegate.m */; };
		A6BF820C22815B8A00A66858 /* ViewController.m in Sources */ = {isa = PBXBuildFile; fileRef = A6BF820B22815B8A00A66858 /* ViewController.m */; };
		A6BF820F22815B8A00A66858 /* Main.storyboard in Resources */ = {isa = PBXBuildFile; fileRef = A6BF820D22815B8A00A66858 /* Main.storyboard */; };
		A6BF821122815B8D00A66858 /* Assets.xcassets in Resources */ = {isa = PBXBuildFile; fileRef = A6BF821022815B8D00A66858 /* Assets.xcassets */; };
		A6BF821422815B8D00A66858 /* LaunchScreen.storyboard in Resources */ = {isa = PBXBuildFile; fileRef = A6BF821222815B8D00A66858 /* LaunchScreen.storyboard */; };
		A6BF821722815B8D00A66858 /* main.m in Sources */ = {isa = PBXBuildFile; fileRef = A6BF821622815B8D00A66858 /* main.m */; };
		A6BF822122815B8D00A66858 /* BXS_sdamTests.m in Sources */ = {isa = PBXBuildFile; fileRef = A6BF822022815B8D00A66858 /* BXS_sdamTests.m */; };
		A6BF822C22815B8D00A66858 /* BXS_sdamUITests.m in Sources */ = {isa = PBXBuildFile; fileRef = A6BF822B22815B8D00A66858 /* BXS_sdamUITests.m */; };
/* End PBXBuildFile section */

/* Begin PBXContainerItemProxy section */
		A6BF821D22815B8D00A66858 /* PBXContainerItemProxy */ = {
			isa = PBXContainerItemProxy;
			containerPortal = A6BF81FC22815B8A00A66858 /* Project object */;
			proxyType = 1;
			remoteGlobalIDString = A6BF820322815B8A00A66858;
			remoteInfo = BXS_sdam;
		};
		A6BF822822815B8D00A66858 /* PBXContainerItemProxy */ = {
			isa = PBXContainerItemProxy;
			containerPortal = A6BF81FC22815B8A00A66858 /* Project object */;
			proxyType = 1;
			remoteGlobalIDString = A6BF820322815B8A00A66858;
			remoteInfo = BXS_sdam;
		};
/* End PBXContainerItemProxy section */

/* Begin PBXFileReference section */
		A6BF820422815B8A00A66858 /* BXS_sdam.app */ = {isa = PBXFileReference; explicitFileType = wrapper.application; includeInIndex = 0; path = BXS_sdam.app; sourceTree = BUILT_PRODUCTS_DIR; };
		A6BF820722815B8A00A66858 /* AppDelegate.h */ = {isa = PBXFileReference; lastKnownFileType = sourcecode.c.h; path = AppDelegate.h; sourceTree = "<group>"; };
		A6BF820822815B8A00A66858 /* AppDelegate.m */ = {isa = PBXFileReference; lastKnownFileType = sourcecode.c.objc; path = AppDelegate.m; sourceTree = "<group>"; };
		A6BF820A22815B8A00A66858 /* ViewController.h */ = {isa = PBXFileReference; lastKnownFileType = sourcecode.c.h; path = ViewController.h; sourceTree = "<group>"; };
		A6BF820B22815B8A00A66858 /* ViewController.m */ = {isa = PBXFileReference; lastKnownFileType = sourcecode.c.objc; path = ViewController.m; sourceTree = "<group>"; };
		A6BF820E22815B8A00A66858 /* Base */ = {isa = PBXFileReference; lastKnownFileType = file.storyboard; name = Base; path = Base.lproj/Main.storyboard; sourceTree = "<group>"; };
		A6BF821022815B8D00A66858 /* Assets.xcassets */ = {isa = PBXFileReference; lastKnownFileType = folder.assetcatalog; path = Assets.xcassets; sourceTree = "<group>"; };
		A6BF821322815B8D00A66858 /* Base */ = {isa = PBXFileReference; lastKnownFileType = file.storyboard; name = Base; path = Base.lproj/LaunchScreen.storyboard; sourceTree = "<group>"; };
		A6BF821522815B8D00A66858 /* Info.plist */ = {isa = PBXFileReference; lastKnownFileType = text.plist.xml; path = Info.plist; sourceTree = "<group>"; };
		A6BF821622815B8D00A66858 /* main.m */ = {isa = PBXFileReference; lastKnownFileType = sourcecode.c.objc; path = main.m; sourceTree = "<group>"; };
		A6BF821C22815B8D00A66858 /* BXS_sdamTests.xctest */ = {isa = PBXFileReference; explicitFileType = wrapper.cfbundle; includeInIndex = 0; path = BXS_sdamTests.xctest; sourceTree = BUILT_PRODUCTS_DIR; };
		A6BF822022815B8D00A66858 /* BXS_sdamTests.m */ = {isa = PBXFileReference; lastKnownFileType = sourcecode.c.objc; path = BXS_sdamTests.m; sourceTree = "<group>"; };
		A6BF822222815B8D00A66858 /* Info.plist */ = {isa = PBXFileReference; lastKnownFileType = text.plist.xml; path = Info.plist; sourceTree = "<group>"; };
		A6BF822722815B8D00A66858 /* BXS_sdamUITests.xctest */ = {isa = PBXFileReference; explicitFileType = wrapper.cfbundle; includeInIndex = 0; path = BXS_sdamUITests.xctest; sourceTree = BUILT_PRODUCTS_DIR; };
		A6BF822B22815B8D00A66858 /* BXS_sdamUITests.m */ = {isa = PBXFileReference; lastKnownFileType = sourcecode.c.objc; path = BXS_sdamUITests.m; sourceTree = "<group>"; };
		A6BF822D22815B8D00A66858 /* Info.plist */ = {isa = PBXFileReference; lastKnownFileType = text.plist.xml; path = Info.plist; sourceTree = "<group>"; };
/* End PBXFileReference section */

/* Begin PBXFrameworksBuildPhase section */
		A6BF820122815B8A00A66858 /* Frameworks */ = {
			isa = PBXFrameworksBuildPhase;
			buildActionMask = 2147483647;
			files = (
			);
			runOnlyForDeploymentPostprocessing = 0;
		};
		A6BF821922815B8D00A66858 /* Frameworks */ = {
			isa = PBXFrameworksBuildPhase;
			buildActionMask = 2147483647;
			files = (
			);
			runOnlyForDeploymentPostprocessing = 0;
		};
		A6BF822422815B8D00A66858 /* Frameworks */ = {
			isa = PBXFrameworksBuildPhase;
			buildActionMask = 2147483647;
			files = (
			);
			runOnlyForDeploymentPostprocessing = 0;
		};
/* End PBXFrameworksBuildPhase section */

/* Begin PBXGroup section */
		A6BF81FB22815B8A00A66858 = {
			isa = PBXGroup;
			children = (
				A6BF820622815B8A00A66858 /* BXS_sdam */,
				A6BF821F22815B8D00A66858 /* BXS_sdamTests */,
				A6BF822A22815B8D00A66858 /* BXS_sdamUITests */,
				A6BF820522815B8A00A66858 /* Products */,
			);
			sourceTree = "<group>";
		};
		A6BF820522815B8A00A66858 /* Products */ = {
			isa = PBXGroup;
			children = (
				A6BF820422815B8A00A66858 /* BXS_sdam.app */,
				A6BF821C22815B8D00A66858 /* BXS_sdamTests.xctest */,
				A6BF822722815B8D00A66858 /* BXS_sdamUITests.xctest */,
			);
			name = Products;
			sourceTree = "<group>";
		};
		A6BF820622815B8A00A66858 /* BXS_sdam */ = {
			isa = PBXGroup;
			children = (
				A6BF820722815B8A00A66858 /* AppDelegate.h */,
				A6BF820822815B8A00A66858 /* AppDelegate.m */,
				A6BF820A22815B8A00A66858 /* ViewController.h */,
				A6BF820B22815B8A00A66858 /* ViewController.m */,
				A6BF820D22815B8A00A66858 /* Main.storyboard */,
				A6BF821022815B8D00A66858 /* Assets.xcassets */,
				A6BF821222815B8D00A66858 /* LaunchScreen.storyboard */,
				A6BF821522815B8D00A66858 /* Info.plist */,
				A6BF821622815B8D00A66858 /* main.m */,
			);
			path = BXS_sdam;
			sourceTree = "<group>";
		};
		A6BF821F22815B8D00A66858 /* BXS_sdamTests */ = {
			isa = PBXGroup;
			children = (
				A6BF822022815B8D00A66858 /* BXS_sdamTests.m */,
				A6BF822222815B8D00A66858 /* Info.plist */,
			);
			path = BXS_sdamTests;
			sourceTree = "<group>";
		};
		A6BF822A22815B8D00A66858 /* BXS_sdamUITests */ = {
			isa = PBXGroup;
			children = (
				A6BF822B22815B8D00A66858 /* BXS_sdamUITests.m */,
				A6BF822D22815B8D00A66858 /* Info.plist */,
			);
			path = BXS_sdamUITests;
			sourceTree = "<group>";
		};
/* End PBXGroup section */

/* Begin PBXNativeTarget section */
		A6BF820322815B8A00A66858 /* BXS_sdam */ = {
			isa = PBXNativeTarget;
			buildConfigurationList = A6BF823022815B8D00A66858 /* Build configuration list for PBXNativeTarget "BXS_sdam" */;
			buildPhases = (
				A6BF820022815B8A00A66858 /* Sources */,
				A6BF820122815B8A00A66858 /* Frameworks */,
				A6BF820222815B8A00A66858 /* Resources */,
			);
			buildRules = (
			);
			dependencies = (
			);
			name = BXS_sdam;
			productName = BXS_sdam;
			productReference = A6BF820422815B8A00A66858 /* BXS_sdam.app */;
			productType = "com.apple.product-type.application";
		};
		A6BF821B22815B8D00A66858 /* BXS_sdamTests */ = {
			isa = PBXNativeTarget;
			buildConfigurationList = A6BF823322815B8D00A66858 /* Build configuration list for PBXNativeTarget "BXS_sdamTests" */;
			buildPhases = (
				A6BF821822815B8D00A66858 /* Sources */,
				A6BF821922815B8D00A66858 /* Frameworks */,
				A6BF821A22815B8D00A66858 /* Resources */,
			);
			buildRules = (
			);
			dependencies = (
				A6BF821E22815B8D00A66858 /* PBXTargetDependency */,
			);
			name = BXS_sdamTests;
			productName = BXS_sdamTests;
			productReference = A6BF821C22815B8D00A66858 /* BXS_sdamTests.xctest */;
			productType = "com.apple.product-type.bundle.unit-test";
		};
		A6BF822622815B8D00A66858 /* BXS_sdamUITests */ = {
			isa = PBXNativeTarget;
			buildConfigurationList = A6BF823622815B8D00A66858 /* Build configuration list for PBXNativeTarget "BXS_sdamUITests" */;
			buildPhases = (
				A6BF822322815B8D00A66858 /* Sources */,
				A6BF822422815B8D00A66858 /* Frameworks */,
				A6BF822522815B8D00A66858 /* Resources */,
			);
			buildRules = (
			);
			dependencies = (
				A6BF822922815B8D00A66858 /* PBXTargetDependency */,
			);
			name = BXS_sdamUITests;
			productName = BXS_sdamUITests;
			productReference = A6BF822722815B8D00A66858 /* BXS_sdamUITests.xctest */;
			productType = "com.apple.product-type.bundle.ui-testing";
		};
/* End PBXNativeTarget section */

/* Begin PBXProject section */
		A6BF81FC22815B8A00A66858 /* Project object */ = {
			isa = PBXProject;
			attributes = {
				LastUpgradeCheck = 1020;
				ORGANIZATIONNAME = "黄伟业";
				TargetAttributes = {
					A6BF820322815B8A00A66858 = {
						CreatedOnToolsVersion = 10.2.1;
					};
					A6BF821B22815B8D00A66858 = {
						CreatedOnToolsVersion = 10.2.1;
						TestTargetID = A6BF820322815B8A00A66858;
					};
					A6BF822622815B8D00A66858 = {
						CreatedOnToolsVersion = 10.2.1;
						TestTargetID = A6BF820322815B8A00A66858;
					};
				};
			};
			buildConfigurationList = A6BF81FF22815B8A00A66858 /* Build configuration list for PBXProject "BXS_sdam" */;
			compatibilityVersion = "Xcode 9.3";
			developmentRegion = en;
			hasScannedForEncodings = 0;
			knownRegions = (
				en,
				Base,
			);
			mainGroup = A6BF81FB22815B8A00A66858;
			productRefGroup = A6BF820522815B8A00A66858 /* Products */;
			projectDirPath = "";
			projectRoot = "";
			targets = (
				A6BF820322815B8A00A66858 /* BXS_sdam */,
				A6BF821B22815B8D00A66858 /* BXS_sdamTests */,
				A6BF822622815B8D00A66858 /* BXS_sdamUITests */,
			);
		};
/* End PBXProject section */

/* Begin PBXResourcesBuildPhase section */
		A6BF820222815B8A00A66858 /* Resources */ = {
			isa = PBXResourcesBuildPhase;
			buildActionMask = 2147483647;
			files = (
				A6BF821422815B8D00A66858 /* LaunchScreen.storyboard in Resources */,
				A6BF821122815B8D00A66858 /* Assets.xcassets in Resources */,
				A6BF820F22815B8A00A66858 /* Main.storyboard in Resources */,
			);
			runOnlyForDeploymentPostprocessing = 0;
		};
		A6BF821A22815B8D00A66858 /* Resources */ = {
			isa = PBXResourcesBuildPhase;
			buildActionMask = 2147483647;
			files = (
			);
			runOnlyForDeploymentPostprocessing = 0;
		};
		A6BF822522815B8D00A66858 /* Resources */ = {
			isa = PBXResourcesBuildPhase;
			buildActionMask = 2147483647;
			files = (
			);
			runOnlyForDeploymentPostprocessing = 0;
		};
/* End PBXResourcesBuildPhase section */

/* Begin PBXSourcesBuildPhase section */
		A6BF820022815B8A00A66858 /* Sources */ = {
			isa = PBXSourcesBuildPhase;
			buildActionMask = 2147483647;
			files = (
				A6BF820C22815B8A00A66858 /* ViewController.m in Sources */,
				A6BF821722815B8D00A66858 /* main.m in Sources */,
				A6BF820922815B8A00A66858 /* AppDelegate.m in Sources */,
			);
			runOnlyForDeploymentPostprocessing = 0;
		};
		A6BF821822815B8D00A66858 /* Sources */ = {
			isa = PBXSourcesBuildPhase;
			buildActionMask = 2147483647;
			files = (
				A6BF822122815B8D00A66858 /* BXS_sdamTests.m in Sources */,
			);
			runOnlyForDeploymentPostprocessing = 0;
		};
		A6BF822322815B8D00A66858 /* Sources */ = {
			isa = PBXSourcesBuildPhase;
			buildActionMask = 2147483647;
			files = (
				A6BF822C22815B8D00A66858 /* BXS_sdamUITests.m in Sources */,
			);
			runOnlyForDeploymentPostprocessing = 0;
		};
/* End PBXSourcesBuildPhase section */

/* Begin PBXTargetDependency section */
		A6BF821E22815B8D00A66858 /* PBXTargetDependency */ = {
			isa = PBXTargetDependency;
			target = A6BF820322815B8A00A66858 /* BXS_sdam */;
			targetProxy = A6BF821D22815B8D00A66858 /* PBXContainerItemProxy */;
		};
		A6BF822922815B8D00A66858 /* PBXTargetDependency */ = {
			isa = PBXTargetDependency;
			target = A6BF820322815B8A00A66858 /* BXS_sdam */;
			targetProxy = A6BF822822815B8D00A66858 /* PBXContainerItemProxy */;
		};
/* End PBXTargetDependency section */

/* Begin PBXVariantGroup section */
		A6BF820D22815B8A00A66858 /* Main.storyboard */ = {
			isa = PBXVariantGroup;
			children = (
				A6BF820E22815B8A00A66858 /* Base */,
			);
			name = Main.storyboard;
			sourceTree = "<group>";
		};
		A6BF821222815B8D00A66858 /* LaunchScreen.storyboard */ = {
			isa = PBXVariantGroup;
			children = (
				A6BF821322815B8D00A66858 /* Base */,
			);
			name = LaunchScreen.storyboard;
			sourceTree = "<group>";
		};
/* End PBXVariantGroup section */

/* Begin XCBuildConfiguration section */
		A6BF822E22815B8D00A66858 /* Debug */ = {
			isa = XCBuildConfiguration;
			buildSettings = {
				ALWAYS_SEARCH_USER_PATHS = NO;
				CLANG_ANALYZER_NONNULL = YES;
				CLANG_ANALYZER_NUMBER_OBJECT_CONVERSION = YES_AGGRESSIVE;
				CLANG_CXX_LANGUAGE_STANDARD = "gnu++14";
				CLANG_CXX_LIBRARY = "libc++";
				CLANG_ENABLE_MODULES = YES;
				CLANG_ENABLE_OBJC_ARC = YES;
				CLANG_ENABLE_OBJC_WEAK = YES;
				CLANG_WARN_BLOCK_CAPTURE_AUTORELEASING = YES;
				CLANG_WARN_BOOL_CONVERSION = YES;
				CLANG_WARN_COMMA = YES;
				CLANG_WARN_CONSTANT_CONVERSION = YES;
				CLANG_WARN_DEPRECATED_OBJC_IMPLEMENTATIONS = YES;
				CLANG_WARN_DIRECT_OBJC_ISA_USAGE = YES_ERROR;
				CLANG_WARN_DOCUMENTATION_COMMENTS = YES;
				CLANG_WARN_EMPTY_BODY = YES;
				CLANG_WARN_ENUM_CONVERSION = YES;
				CLANG_WARN_INFINITE_RECURSION = YES;
				CLANG_WARN_INT_CONVERSION = YES;
				CLANG_WARN_NON_LITERAL_NULL_CONVERSION = YES;
				CLANG_WARN_OBJC_IMPLICIT_RETAIN_SELF = YES;
				CLANG_WARN_OBJC_LITERAL_CONVERSION = YES;
				CLANG_WARN_OBJC_ROOT_CLASS = YES_ERROR;
				CLANG_WARN_RANGE_LOOP_ANALYSIS = YES;
				CLANG_WARN_STRICT_PROTOTYPES = YES;
				CLANG_WARN_SUSPICIOUS_MOVE = YES;
				CLANG_WARN_UNGUARDED_AVAILABILITY = YES_AGGRESSIVE;
				CLANG_WARN_UNREACHABLE_CODE = YES;
				CLANG_WARN__DUPLICATE_METHOD_MATCH = YES;
				CODE_SIGN_IDENTITY = "iPhone Developer";
				COPY_PHASE_STRIP = NO;
				DEBUG_INFORMATION_FORMAT = dwarf;
				ENABLE_STRICT_OBJC_MSGSEND = YES;
				ENABLE_TESTABILITY = YES;
				GCC_C_LANGUAGE_STANDARD = gnu11;
				GCC_DYNAMIC_NO_PIC = NO;
				GCC_NO_COMMON_BLOCKS = YES;
				GCC_OPTIMIZATION_LEVEL = 0;
				GCC_PREPROCESSOR_DEFINITIONS = (
					"DEBUG=1",
					"$(inherited)",
				);
				GCC_WARN_64_TO_32_BIT_CONVERSION = YES;
				GCC_WARN_ABOUT_RETURN_TYPE = YES_ERROR;
				GCC_WARN_UNDECLARED_SELECTOR = YES;
				GCC_WARN_UNINITIALIZED_AUTOS = YES_AGGRESSIVE;
				GCC_WARN_UNUSED_FUNCTION = YES;
				GCC_WARN_UNUSED_VARIABLE = YES;
				IPHONEOS_DEPLOYMENT_TARGET = 12.2;
				MTL_ENABLE_DEBUG_INFO = INCLUDE_SOURCE;
				MTL_FAST_MATH = YES;
				ONLY_ACTIVE_ARCH = YES;
				SDKROOT = iphoneos;
			};
			name = Debug;
		};
		A6BF822F22815B8D00A66858 /* Release */ = {
			isa = XCBuildConfiguration;
			buildSettings = {
				ALWAYS_SEARCH_USER_PATHS = NO;
				CLANG_ANALYZER_NONNULL = YES;
				CLANG_ANALYZER_NUMBER_OBJECT_CONVERSION = YES_AGGRESSIVE;
				CLANG_CXX_LANGUAGE_STANDARD = "gnu++14";
				CLANG_CXX_LIBRARY = "libc++";
				CLANG_ENABLE_MODULES = YES;
				CLANG_ENABLE_OBJC_ARC = YES;
				CLANG_ENABLE_OBJC_WEAK = YES;
				CLANG_WARN_BLOCK_CAPTURE_AUTORELEASING = YES;
				CLANG_WARN_BOOL_CONVERSION = YES;
				CLANG_WARN_COMMA = YES;
				CLANG_WARN_CONSTANT_CONVERSION = YES;
				CLANG_WARN_DEPRECATED_OBJC_IMPLEMENTATIONS = YES;
				CLANG_WARN_DIRECT_OBJC_ISA_USAGE = YES_ERROR;
				CLANG_WARN_DOCUMENTATION_COMMENTS = YES;
				CLANG_WARN_EMPTY_BODY = YES;
				CLANG_WARN_ENUM_CONVERSION = YES;
				CLANG_WARN_INFINITE_RECURSION = YES;
				CLANG_WARN_INT_CONVERSION = YES;
				CLANG_WARN_NON_LITERAL_NULL_CONVERSION = YES;
				CLANG_WARN_OBJC_IMPLICIT_RETAIN_SELF = YES;
				CLANG_WARN_OBJC_LITERAL_CONVERSION = YES;
				CLANG_WARN_OBJC_ROOT_CLASS = YES_ERROR;
				CLANG_WARN_RANGE_LOOP_ANALYSIS = YES;
				CLANG_WARN_STRICT_PROTOTYPES = YES;
				CLANG_WARN_SUSPICIOUS_MOVE = YES;
				CLANG_WARN_UNGUARDED_AVAILABILITY = YES_AGGRESSIVE;
				CLANG_WARN_UNREACHABLE_CODE = YES;
				CLANG_WARN__DUPLICATE_METHOD_MATCH = YES;
				CODE_SIGN_IDENTITY = "iPhone Developer";
				COPY_PHASE_STRIP = NO;
				DEBUG_INFORMATION_FORMAT = "dwarf-with-dsym";
				ENABLE_NS_ASSERTIONS = NO;
				ENABLE_STRICT_OBJC_MSGSEND = YES;
				GCC_C_LANGUAGE_STANDARD = gnu11;
				GCC_NO_COMMON_BLOCKS = YES;
				GCC_WARN_64_TO_32_BIT_CONVERSION = YES;
				GCC_WARN_ABOUT_RETURN_TYPE = YES_ERROR;
				GCC_WARN_UNDECLARED_SELECTOR = YES;
				GCC_WARN_UNINITIALIZED_AUTOS = YES_AGGRESSIVE;
				GCC_WARN_UNUSED_FUNCTION = YES;
				GCC_WARN_UNUSED_VARIABLE = YES;
				IPHONEOS_DEPLOYMENT_TARGET = 12.2;
				MTL_ENABLE_DEBUG_INFO = NO;
				MTL_FAST_MATH = YES;
				SDKROOT = iphoneos;
				VALIDATE_PRODUCT = YES;
			};
			name = Release;
		};
		A6BF823122815B8D00A66858 /* Debug */ = {
			isa = XCBuildConfiguration;
			buildSettings = {
				ASSETCATALOG_COMPILER_APPICON_NAME = AppIcon;
				CODE_SIGN_STYLE = Automatic;
				INFOPLIST_FILE = BXS_sdam/Info.plist;
				LD_RUNPATH_SEARCH_PATHS = (
					"$(inherited)",
					"@executable_path/Frameworks",
				);
				PRODUCT_BUNDLE_IDENTIFIER = "com.qingdong.BXS-sdam";
				PRODUCT_NAME = "$(TARGET_NAME)";
				TARGETED_DEVICE_FAMILY = "1,2";
			};
			name = Debug;
		};
		A6BF823222815B8D00A66858 /* Release */ = {
			isa = XCBuildConfiguration;
			buildSettings = {
				ASSETCATALOG_COMPILER_APPICON_NAME = AppIcon;
				CODE_SIGN_STYLE = Automatic;
				INFOPLIST_FILE = BXS_sdam/Info.plist;
				LD_RUNPATH_SEARCH_PATHS = (
					"$(inherited)",
					"@executable_path/Frameworks",
				);
				PRODUCT_BUNDLE_IDENTIFIER = "com.qingdong.BXS-sdam";
				PRODUCT_NAME = "$(TARGET_NAME)";
				TARGETED_DEVICE_FAMILY = "1,2";
			};
			name = Release;
		};
		A6BF823422815B8D00A66858 /* Debug */ = {
			isa = XCBuildConfiguration;
			buildSettings = {
				BUNDLE_LOADER = "$(TEST_HOST)";
				CODE_SIGN_STYLE = Automatic;
				INFOPLIST_FILE = BXS_sdamTests/Info.plist;
				LD_RUNPATH_SEARCH_PATHS = (
					"$(inherited)",
					"@executable_path/Frameworks",
					"@loader_path/Frameworks",
				);
				PRODUCT_BUNDLE_IDENTIFIER = "com.qingdong.BXS-sdamTests";
				PRODUCT_NAME = "$(TARGET_NAME)";
				TARGETED_DEVICE_FAMILY = "1,2";
				TEST_HOST = "$(BUILT_PRODUCTS_DIR)/BXS_sdam.app/BXS_sdam";
			};
			name = Debug;
		};
		A6BF823522815B8D00A66858 /* Release */ = {
			isa = XCBuildConfiguration;
			buildSettings = {
				BUNDLE_LOADER = "$(TEST_HOST)";
				CODE_SIGN_STYLE = Automatic;
				INFOPLIST_FILE = BXS_sdamTests/Info.plist;
				LD_RUNPATH_SEARCH_PATHS = (
					"$(inherited)",
					"@executable_path/Frameworks",
					"@loader_path/Frameworks",
				);
				PRODUCT_BUNDLE_IDENTIFIER = "com.qingdong.BXS-sdamTests";
				PRODUCT_NAME = "$(TARGET_NAME)";
				TARGETED_DEVICE_FAMILY = "1,2";
				TEST_HOST = "$(BUILT_PRODUCTS_DIR)/BXS_sdam.app/BXS_sdam";
			};
			name = Release;
		};
		A6BF823722815B8D00A66858 /* Debug */ = {
			isa = XCBuildConfiguration;
			buildSettings = {
				CODE_SIGN_STYLE = Automatic;
				INFOPLIST_FILE = BXS_sdamUITests/Info.plist;
				LD_RUNPATH_SEARCH_PATHS = (
					"$(inherited)",
					"@executable_path/Frameworks",
					"@loader_path/Frameworks",
				);
				PRODUCT_BUNDLE_IDENTIFIER = "com.qingdong.BXS-sdamUITests";
				PRODUCT_NAME = "$(TARGET_NAME)";
				TARGETED_DEVICE_FAMILY = "1,2";
				TEST_TARGET_NAME = BXS_sdam;
			};
			name = Debug;
		};
		A6BF823822815B8D00A66858 /* Release */ = {
			isa = XCBuildConfiguration;
			buildSettings = {
				CODE_SIGN_STYLE = Automatic;
				INFOPLIST_FILE = BXS_sdamUITests/Info.plist;
				LD_RUNPATH_SEARCH_PATHS = (
					"$(inherited)",
					"@executable_path/Frameworks",
					"@loader_path/Frameworks",
				);
				PRODUCT_BUNDLE_IDENTIFIER = "com.qingdong.BXS-sdamUITests";
				PRODUCT_NAME = "$(TARGET_NAME)";
				TARGETED_DEVICE_FAMILY = "1,2";
				TEST_TARGET_NAME = BXS_sdam;
			};
			name = Release;
		};
/* End XCBuildConfiguration section */

/* Begin XCConfigurationList section */
		A6BF81FF22815B8A00A66858 /* Build configuration list for PBXProject "BXS_sdam" */ = {
			isa = XCConfigurationList;
			buildConfigurations = (
				A6BF822E22815B8D00A66858 /* Debug */,
				A6BF822F22815B8D00A66858 /* Release */,
			);
			defaultConfigurationIsVisible = 0;
			defaultConfigurationName = Release;
		};
		A6BF823022815B8D00A66858 /* Build configuration list for PBXNativeTarget "BXS_sdam" */ = {
			isa = XCConfigurationList;
			buildConfigurations = (
				A6BF823122815B8D00A66858 /* Debug */,
				A6BF823222815B8D00A66858 /* Release */,
			);
			defaultConfigurationIsVisible = 0;
			defaultConfigurationName = Release;
		};
		A6BF823322815B8D00A66858 /* Build configuration list for PBXNativeTarget "BXS_sdamTests" */ = {
			isa = XCConfigurationList;
			buildConfigurations = (
				A6BF823422815B8D00A66858 /* Debug */,
				A6BF823522815B8D00A66858 /* Release */,
			);
			defaultConfigurationIsVisible = 0;
			defaultConfigurationName = Release;
		};
		A6BF823622815B8D00A66858 /* Build configuration list for PBXNativeTarget "BXS_sdamUITests" */ = {
			isa = XCConfigurationList;
			buildConfigurations = (
				A6BF823722815B8D00A66858 /* Debug */,
				A6BF823822815B8D00A66858 /* Release */,
			);
			defaultConfigurationIsVisible = 0;
			defaultConfigurationName = Release;
		};
/* End XCConfigurationList section */
	};
	rootObject = A6BF81FC22815B8A00A66858 /* Project object */;
}
